// !$*UTF8*$!
{
	archiveVersion = 1;
	classes = {
	};
	objectVersion = 46;
	objects = {

/* Begin PBXBuildFile section */
		5D40D89E1A6CAC6F00252285 /* ChompIOS.h in Headers */ = {isa = PBXBuildFile; fileRef = 5D40D89D1A6CAC6F00252285 /* ChompIOS.h */; settings = {ATTRIBUTES = (Public, ); }; };
		5D40D8B21A6CAC8700252285 /* Chomp.h in Headers */ = {isa = PBXBuildFile; fileRef = 5DD50E051A6BB3150012B2A1 /* Chomp.h */; settings = {ATTRIBUTES = (Public, ); }; };
		5D40D8B31A6CAC9900252285 /* NSObject+CHOMPIteration.h in Headers */ = {isa = PBXBuildFile; fileRef = 5DD50E1C1A6BB3150012B2A1 /* NSObject+CHOMPIteration.h */; settings = {ATTRIBUTES = (Public, ); }; };
		5D40D8B41A6CAC9F00252285 /* NSObject+CHOMPHOM.h in Headers */ = {isa = PBXBuildFile; fileRef = 5DD50E1A1A6BB3150012B2A1 /* NSObject+CHOMPHOM.h */; settings = {ATTRIBUTES = (Public, ); }; };
		5D40D8B51A6CACAD00252285 /* NSCollections+CHOMPIteration.h in Headers */ = {isa = PBXBuildFile; fileRef = 5DD50E181A6BB3150012B2A1 /* NSCollections+CHOMPIteration.h */; settings = {ATTRIBUTES = (Public, ); }; };
		5D40D8B61A6CACB900252285 /* CHOMPEnumeratorCollectTrampoline.m in Sources */ = {isa = PBXBuildFile; fileRef = 5DD50E071A6BB3150012B2A1 /* CHOMPEnumeratorCollectTrampoline.m */; };
		5D40D8B71A6CACBB00252285 /* CHOMPEnumeratorTrampoline.m in Sources */ = {isa = PBXBuildFile; fileRef = 5DD50E091A6BB3150012B2A1 /* CHOMPEnumeratorTrampoline.m */; };
		5D40D8B81A6CACBC00252285 /* CHOMPSimpleTrampoline.m in Sources */ = {isa = PBXBuildFile; fileRef = 5DD50E0B1A6BB3150012B2A1 /* CHOMPSimpleTrampoline.m */; };
		5D40D8B91A6CACBE00252285 /* CHOMPSingleObjectEnumerator.m in Sources */ = {isa = PBXBuildFile; fileRef = 5DD50E0D1A6BB3150012B2A1 /* CHOMPSingleObjectEnumerator.m */; };
		5D40D8BA1A6CACC200252285 /* CHOMPTrampoline.m in Sources */ = {isa = PBXBuildFile; fileRef = 5DD50E0F1A6BB3150012B2A1 /* CHOMPTrampoline.m */; };
		5D40D8BB1A6CACC500252285 /* NSCollections+CHOMPIteration.m in Sources */ = {isa = PBXBuildFile; fileRef = 5DD50E191A6BB3150012B2A1 /* NSCollections+CHOMPIteration.m */; };
		5D40D8BC1A6CACC700252285 /* NSObject+CHOMPHOM.m in Sources */ = {isa = PBXBuildFile; fileRef = 5DD50E1B1A6BB3150012B2A1 /* NSObject+CHOMPHOM.m */; };
		5D40D8BD1A6CACC900252285 /* NSObject+CHOMPIteration.m in Sources */ = {isa = PBXBuildFile; fileRef = 5DD50E1D1A6BB3150012B2A1 /* NSObject+CHOMPIteration.m */; };
		5DD50DB31A6BA7C50012B2A1 /* Chomp.framework in Frameworks */ = {isa = PBXBuildFile; fileRef = 5DD50DA71A6BA7C50012B2A1 /* Chomp.framework */; };
		5DD50DBA1A6BA7C50012B2A1 /* ChompTests.m in Sources */ = {isa = PBXBuildFile; fileRef = 5DD50DB91A6BA7C50012B2A1 /* ChompTests.m */; };
		5DD50E211A6BB3150012B2A1 /* Chomp Test-Info.plist in Resources */ = {isa = PBXBuildFile; fileRef = 5DD50E031A6BB3150012B2A1 /* Chomp Test-Info.plist */; };
		5DD50E221A6BB3150012B2A1 /* Chomp_Prefix.pch in Headers */ = {isa = PBXBuildFile; fileRef = 5DD50E041A6BB3150012B2A1 /* Chomp_Prefix.pch */; };
		5DD50E231A6BB3150012B2A1 /* Chomp.h in Headers */ = {isa = PBXBuildFile; fileRef = 5DD50E051A6BB3150012B2A1 /* Chomp.h */; };
		5DD50E241A6BB3150012B2A1 /* CHOMPEnumeratorCollectTrampoline.h in Headers */ = {isa = PBXBuildFile; fileRef = 5DD50E061A6BB3150012B2A1 /* CHOMPEnumeratorCollectTrampoline.h */; };
		5DD50E251A6BB3150012B2A1 /* CHOMPEnumeratorCollectTrampoline.m in Sources */ = {isa = PBXBuildFile; fileRef = 5DD50E071A6BB3150012B2A1 /* CHOMPEnumeratorCollectTrampoline.m */; };
		5DD50E261A6BB3150012B2A1 /* CHOMPEnumeratorTrampoline.h in Headers */ = {isa = PBXBuildFile; fileRef = 5DD50E081A6BB3150012B2A1 /* CHOMPEnumeratorTrampoline.h */; };
		5DD50E271A6BB3150012B2A1 /* CHOMPEnumeratorTrampoline.m in Sources */ = {isa = PBXBuildFile; fileRef = 5DD50E091A6BB3150012B2A1 /* CHOMPEnumeratorTrampoline.m */; };
		5DD50E281A6BB3150012B2A1 /* CHOMPSimpleTrampoline.h in Headers */ = {isa = PBXBuildFile; fileRef = 5DD50E0A1A6BB3150012B2A1 /* CHOMPSimpleTrampoline.h */; };
		5DD50E291A6BB3150012B2A1 /* CHOMPSimpleTrampoline.m in Sources */ = {isa = PBXBuildFile; fileRef = 5DD50E0B1A6BB3150012B2A1 /* CHOMPSimpleTrampoline.m */; };
		5DD50E2A1A6BB3150012B2A1 /* CHOMPSingleObjectEnumerator.h in Headers */ = {isa = PBXBuildFile; fileRef = 5DD50E0C1A6BB3150012B2A1 /* CHOMPSingleObjectEnumerator.h */; };
		5DD50E2B1A6BB3150012B2A1 /* CHOMPSingleObjectEnumerator.m in Sources */ = {isa = PBXBuildFile; fileRef = 5DD50E0D1A6BB3150012B2A1 /* CHOMPSingleObjectEnumerator.m */; };
		5DD50E2C1A6BB3150012B2A1 /* CHOMPTrampoline.h in Headers */ = {isa = PBXBuildFile; fileRef = 5DD50E0E1A6BB3150012B2A1 /* CHOMPTrampoline.h */; settings = {ATTRIBUTES = (Public, ); }; };
		5DD50E2D1A6BB3150012B2A1 /* CHOMPTrampoline.m in Sources */ = {isa = PBXBuildFile; fileRef = 5DD50E0F1A6BB3150012B2A1 /* CHOMPTrampoline.m */; };
		5DD50E2E1A6BB3150012B2A1 /* Documentation.html in Resources */ = {isa = PBXBuildFile; fileRef = 5DD50E101A6BB3150012B2A1 /* Documentation.html */; };
		5DD50E2F1A6BB3150012B2A1 /* InfoPlist.strings in Resources */ = {isa = PBXBuildFile; fileRef = 5DD50E121A6BB3150012B2A1 /* InfoPlist.strings */; };
		5DD50E301A6BB3150012B2A1 /* HACKING in Resources */ = {isa = PBXBuildFile; fileRef = 5DD50E141A6BB3150012B2A1 /* HACKING */; };
		5DD50E311A6BB3150012B2A1 /* Info.plist in Resources */ = {isa = PBXBuildFile; fileRef = 5DD50E151A6BB3150012B2A1 /* Info.plist */; };
		5DD50E321A6BB3150012B2A1 /* LICENSE in Resources */ = {isa = PBXBuildFile; fileRef = 5DD50E161A6BB3150012B2A1 /* LICENSE */; };
		5DD50E331A6BB3150012B2A1 /* main.c in Sources */ = {isa = PBXBuildFile; fileRef = 5DD50E171A6BB3150012B2A1 /* main.c */; };
		5DD50E341A6BB3150012B2A1 /* NSCollections+CHOMPIteration.h in Headers */ = {isa = PBXBuildFile; fileRef = 5DD50E181A6BB3150012B2A1 /* NSCollections+CHOMPIteration.h */; settings = {ATTRIBUTES = (Public, ); }; };
		5DD50E351A6BB3150012B2A1 /* NSCollections+CHOMPIteration.m in Sources */ = {isa = PBXBuildFile; fileRef = 5DD50E191A6BB3150012B2A1 /* NSCollections+CHOMPIteration.m */; };
		5DD50E361A6BB3150012B2A1 /* NSObject+CHOMPHOM.h in Headers */ = {isa = PBXBuildFile; fileRef = 5DD50E1A1A6BB3150012B2A1 /* NSObject+CHOMPHOM.h */; settings = {ATTRIBUTES = (Public, ); }; };
		5DD50E371A6BB3150012B2A1 /* NSObject+CHOMPHOM.m in Sources */ = {isa = PBXBuildFile; fileRef = 5DD50E1B1A6BB3150012B2A1 /* NSObject+CHOMPHOM.m */; };
		5DD50E381A6BB3150012B2A1 /* NSObject+CHOMPIteration.h in Headers */ = {isa = PBXBuildFile; fileRef = 5DD50E1C1A6BB3150012B2A1 /* NSObject+CHOMPIteration.h */; settings = {ATTRIBUTES = (Public, ); }; };
		5DD50E391A6BB3150012B2A1 /* NSObject+CHOMPIteration.m in Sources */ = {isa = PBXBuildFile; fileRef = 5DD50E1D1A6BB3150012B2A1 /* NSObject+CHOMPIteration.m */; };
		5DD50E3B1A6BB3150012B2A1 /* TestApp.m in Sources */ = {isa = PBXBuildFile; fileRef = 5DD50E1F1A6BB3150012B2A1 /* TestApp.m */; };
		5DD50E3C1A6BB3150012B2A1 /* version.plist in Resources */ = {isa = PBXBuildFile; fileRef = 5DD50E201A6BB3150012B2A1 /* version.plist */; };
/* End PBXBuildFile section */

/* Begin PBXContainerItemProxy section */
		5DD50DB41A6BA7C50012B2A1 /* PBXContainerItemProxy */ = {
			isa = PBXContainerItemProxy;
			containerPortal = 5DD50D9E1A6BA7C50012B2A1 /* Project object */;
			proxyType = 1;
			remoteGlobalIDString = 5DD50DA61A6BA7C50012B2A1;
			remoteInfo = Chomp;
		};
/* End PBXContainerItemProxy section */

/* Begin PBXFileReference section */
		5D40D8991A6CAC6F00252285 /* ChompIOS.framework */ = {isa = PBXFileReference; explicitFileType = wrapper.framework; includeInIndex = 0; path = ChompIOS.framework; sourceTree = BUILT_PRODUCTS_DIR; };
		5D40D89C1A6CAC6F00252285 /* Info.plist */ = {isa = PBXFileReference; lastKnownFileType = text.plist.xml; path = Info.plist; sourceTree = "<group>"; };
		5D40D89D1A6CAC6F00252285 /* ChompIOS.h */ = {isa = PBXFileReference; lastKnownFileType = sourcecode.c.h; path = ChompIOS.h; sourceTree = "<group>"; };
		5D40D8A91A6CAC6F00252285 /* Info.plist */ = {isa = PBXFileReference; lastKnownFileType = text.plist.xml; path = Info.plist; sourceTree = "<group>"; };
		5D40D8AA1A6CAC6F00252285 /* ChompIOSTests.m */ = {isa = PBXFileReference; lastKnownFileType = sourcecode.c.objc; path = ChompIOSTests.m; sourceTree = "<group>"; };
		5DD50DA71A6BA7C50012B2A1 /* Chomp.framework */ = {isa = PBXFileReference; explicitFileType = wrapper.framework; includeInIndex = 0; path = Chomp.framework; sourceTree = BUILT_PRODUCTS_DIR; };
		5DD50DAB1A6BA7C50012B2A1 /* Info.plist */ = {isa = PBXFileReference; lastKnownFileType = text.plist.xml; path = Info.plist; sourceTree = "<group>"; };
		5DD50DB21A6BA7C50012B2A1 /* ChompTests.xctest */ = {isa = PBXFileReference; explicitFileType = wrapper.cfbundle; includeInIndex = 0; path = ChompTests.xctest; sourceTree = BUILT_PRODUCTS_DIR; };
		5DD50DB81A6BA7C50012B2A1 /* Info.plist */ = {isa = PBXFileReference; lastKnownFileType = text.plist.xml; path = Info.plist; sourceTree = "<group>"; };
		5DD50DB91A6BA7C50012B2A1 /* ChompTests.m */ = {isa = PBXFileReference; lastKnownFileType = sourcecode.c.objc; path = ChompTests.m; sourceTree = "<group>"; };
		5DD50E031A6BB3150012B2A1 /* Chomp Test-Info.plist */ = {isa = PBXFileReference; fileEncoding = 4; lastKnownFileType = text.plist.xml; path = "Chomp Test-Info.plist"; sourceTree = "<group>"; };
		5DD50E041A6BB3150012B2A1 /* Chomp_Prefix.pch */ = {isa = PBXFileReference; fileEncoding = 4; lastKnownFileType = sourcecode.c.h; path = Chomp_Prefix.pch; sourceTree = "<group>"; };
		5DD50E051A6BB3150012B2A1 /* Chomp.h */ = {isa = PBXFileReference; fileEncoding = 4; lastKnownFileType = sourcecode.c.h; path = Chomp.h; sourceTree = "<group>"; };
		5DD50E061A6BB3150012B2A1 /* CHOMPEnumeratorCollectTrampoline.h */ = {isa = PBXFileReference; fileEncoding = 4; lastKnownFileType = sourcecode.c.h; path = CHOMPEnumeratorCollectTrampoline.h; sourceTree = "<group>"; };
		5DD50E071A6BB3150012B2A1 /* CHOMPEnumeratorCollectTrampoline.m */ = {isa = PBXFileReference; fileEncoding = 4; lastKnownFileType = sourcecode.c.objc; path = CHOMPEnumeratorCollectTrampoline.m; sourceTree = "<group>"; };
		5DD50E081A6BB3150012B2A1 /* CHOMPEnumeratorTrampoline.h */ = {isa = PBXFileReference; fileEncoding = 4; lastKnownFileType = sourcecode.c.h; path = CHOMPEnumeratorTrampoline.h; sourceTree = "<group>"; };
		5DD50E091A6BB3150012B2A1 /* CHOMPEnumeratorTrampoline.m */ = {isa = PBXFileReference; fileEncoding = 4; lastKnownFileType = sourcecode.c.objc; path = CHOMPEnumeratorTrampoline.m; sourceTree = "<group>"; };
		5DD50E0A1A6BB3150012B2A1 /* CHOMPSimpleTrampoline.h */ = {isa = PBXFileReference; fileEncoding = 4; lastKnownFileType = sourcecode.c.h; path = CHOMPSimpleTrampoline.h; sourceTree = "<group>"; };
		5DD50E0B1A6BB3150012B2A1 /* CHOMPSimpleTrampoline.m */ = {isa = PBXFileReference; fileEncoding = 4; lastKnownFileType = sourcecode.c.objc; path = CHOMPSimpleTrampoline.m; sourceTree = "<group>"; };
		5DD50E0C1A6BB3150012B2A1 /* CHOMPSingleObjectEnumerator.h */ = {isa = PBXFileReference; fileEncoding = 4; lastKnownFileType = sourcecode.c.h; path = CHOMPSingleObjectEnumerator.h; sourceTree = "<group>"; };
		5DD50E0D1A6BB3150012B2A1 /* CHOMPSingleObjectEnumerator.m */ = {isa = PBXFileReference; fileEncoding = 4; lastKnownFileType = sourcecode.c.objc; path = CHOMPSingleObjectEnumerator.m; sourceTree = "<group>"; };
		5DD50E0E1A6BB3150012B2A1 /* CHOMPTrampoline.h */ = {isa = PBXFileReference; fileEncoding = 4; lastKnownFileType = sourcecode.c.h; path = CHOMPTrampoline.h; sourceTree = "<group>"; };
		5DD50E0F1A6BB3150012B2A1 /* CHOMPTrampoline.m */ = {isa = PBXFileReference; fileEncoding = 4; lastKnownFileType = sourcecode.c.objc; path = CHOMPTrampoline.m; sourceTree = "<group>"; };
		5DD50E101A6BB3150012B2A1 /* Documentation.html */ = {isa = PBXFileReference; fileEncoding = 4; lastKnownFileType = text.html; path = Documentation.html; sourceTree = "<group>"; };
		5DD50E131A6BB3150012B2A1 /* English */ = {isa = PBXFileReference; lastKnownFileType = text.plist.strings; name = English; path = InfoPlist.strings; sourceTree = "<group>"; };
		5DD50E141A6BB3150012B2A1 /* HACKING */ = {isa = PBXFileReference; fileEncoding = 4; lastKnownFileType = text; path = HACKING; sourceTree = "<group>"; };
		5DD50E151A6BB3150012B2A1 /* Info.plist */ = {isa = PBXFileReference; fileEncoding = 4; lastKnownFileType = text.plist.xml; path = Info.plist; sourceTree = "<group>"; };
		5DD50E161A6BB3150012B2A1 /* LICENSE */ = {isa = PBXFileReference; fileEncoding = 4; lastKnownFileType = text; path = LICENSE; sourceTree = "<group>"; };
		5DD50E171A6BB3150012B2A1 /* main.c */ = {isa = PBXFileReference; fileEncoding = 4; lastKnownFileType = sourcecode.c.c; path = main.c; sourceTree = "<group>"; };
		5DD50E181A6BB3150012B2A1 /* NSCollections+CHOMPIteration.h */ = {isa = PBXFileReference; fileEncoding = 4; lastKnownFileType = sourcecode.c.h; path = "NSCollections+CHOMPIteration.h"; sourceTree = "<group>"; };
		5DD50E191A6BB3150012B2A1 /* NSCollections+CHOMPIteration.m */ = {isa = PBXFileReference; fileEncoding = 4; lastKnownFileType = sourcecode.c.objc; path = "NSCollections+CHOMPIteration.m"; sourceTree = "<group>"; };
		5DD50E1A1A6BB3150012B2A1 /* NSObject+CHOMPHOM.h */ = {isa = PBXFileReference; fileEncoding = 4; lastKnownFileType = sourcecode.c.h; path = "NSObject+CHOMPHOM.h"; sourceTree = "<group>"; };
		5DD50E1B1A6BB3150012B2A1 /* NSObject+CHOMPHOM.m */ = {isa = PBXFileReference; fileEncoding = 4; lastKnownFileType = sourcecode.c.objc; path = "NSObject+CHOMPHOM.m"; sourceTree = "<group>"; };
		5DD50E1C1A6BB3150012B2A1 /* NSObject+CHOMPIteration.h */ = {isa = PBXFileReference; fileEncoding = 4; lastKnownFileType = sourcecode.c.h; path = "NSObject+CHOMPIteration.h"; sourceTree = "<group>"; };
		5DD50E1D1A6BB3150012B2A1 /* NSObject+CHOMPIteration.m */ = {isa = PBXFileReference; fileEncoding = 4; lastKnownFileType = sourcecode.c.objc; path = "NSObject+CHOMPIteration.m"; sourceTree = "<group>"; };
		5DD50E1F1A6BB3150012B2A1 /* TestApp.m */ = {isa = PBXFileReference; fileEncoding = 4; lastKnownFileType = sourcecode.c.objc; path = TestApp.m; sourceTree = "<group>"; };
		5DD50E201A6BB3150012B2A1 /* version.plist */ = {isa = PBXFileReference; fileEncoding = 4; lastKnownFileType = text.plist.xml; path = version.plist; sourceTree = "<group>"; };
/* End PBXFileReference section */

/* Begin PBXFrameworksBuildPhase section */
		5D40D8951A6CAC6F00252285 /* Frameworks */ = {
			isa = PBXFrameworksBuildPhase;
			buildActionMask = 2147483647;
			files = (
			);
			runOnlyForDeploymentPostprocessing = 0;
		};
		5DD50DA31A6BA7C50012B2A1 /* Frameworks */ = {
			isa = PBXFrameworksBuildPhase;
			buildActionMask = 2147483647;
			files = (
			);
			runOnlyForDeploymentPostprocessing = 0;
		};
		5DD50DAF1A6BA7C50012B2A1 /* Frameworks */ = {
			isa = PBXFrameworksBuildPhase;
			buildActionMask = 2147483647;
			files = (
				5DD50DB31A6BA7C50012B2A1 /* Chomp.framework in Frameworks */,
			);
			runOnlyForDeploymentPostprocessing = 0;
		};
/* End PBXFrameworksBuildPhase section */

/* Begin PBXGroup section */
		5D40D89A1A6CAC6F00252285 /* ChompIOS */ = {
			isa = PBXGroup;
			children = (
				5D40D89D1A6CAC6F00252285 /* ChompIOS.h */,
				5D40D89B1A6CAC6F00252285 /* Supporting Files */,
			);
			path = ChompIOS;
			sourceTree = "<group>";
		};
		5D40D89B1A6CAC6F00252285 /* Supporting Files */ = {
			isa = PBXGroup;
			children = (
				5D40D89C1A6CAC6F00252285 /* Info.plist */,
			);
			name = "Supporting Files";
			sourceTree = "<group>";
		};
		5D40D8A71A6CAC6F00252285 /* ChompIOSTests */ = {
			isa = PBXGroup;
			children = (
				5D40D8AA1A6CAC6F00252285 /* ChompIOSTests.m */,
				5D40D8A81A6CAC6F00252285 /* Supporting Files */,
			);
			path = ChompIOSTests;
			sourceTree = "<group>";
		};
		5D40D8A81A6CAC6F00252285 /* Supporting Files */ = {
			isa = PBXGroup;
			children = (
				5D40D8A91A6CAC6F00252285 /* Info.plist */,
			);
			name = "Supporting Files";
			sourceTree = "<group>";
		};
		5DD50D9D1A6BA7C50012B2A1 = {
			isa = PBXGroup;
			children = (
				5DD50DA91A6BA7C50012B2A1 /* Chomp */,
				5DD50DB61A6BA7C50012B2A1 /* ChompTests */,
				5D40D89A1A6CAC6F00252285 /* ChompIOS */,
				5D40D8A71A6CAC6F00252285 /* ChompIOSTests */,
				5DD50DA81A6BA7C50012B2A1 /* Products */,
			);
			sourceTree = "<group>";
		};
		5DD50DA81A6BA7C50012B2A1 /* Products */ = {
			isa = PBXGroup;
			children = (
				5DD50DA71A6BA7C50012B2A1 /* Chomp.framework */,
				5DD50DB21A6BA7C50012B2A1 /* ChompTests.xctest */,
				5D40D8991A6CAC6F00252285 /* ChompIOS.framework */,
			);
			name = Products;
			sourceTree = "<group>";
		};
		5DD50DA91A6BA7C50012B2A1 /* Chomp */ = {
			isa = PBXGroup;
			children = (
				5DD50E031A6BB3150012B2A1 /* Chomp Test-Info.plist */,
				5DD50E041A6BB3150012B2A1 /* Chomp_Prefix.pch */,
				5DD50E051A6BB3150012B2A1 /* Chomp.h */,
				5DD50E061A6BB3150012B2A1 /* CHOMPEnumeratorCollectTrampoline.h */,
				5DD50E071A6BB3150012B2A1 /* CHOMPEnumeratorCollectTrampoline.m */,
				5DD50E081A6BB3150012B2A1 /* CHOMPEnumeratorTrampoline.h */,
				5DD50E091A6BB3150012B2A1 /* CHOMPEnumeratorTrampoline.m */,
				5DD50E0A1A6BB3150012B2A1 /* CHOMPSimpleTrampoline.h */,
				5DD50E0B1A6BB3150012B2A1 /* CHOMPSimpleTrampoline.m */,
				5DD50E0C1A6BB3150012B2A1 /* CHOMPSingleObjectEnumerator.h */,
				5DD50E0D1A6BB3150012B2A1 /* CHOMPSingleObjectEnumerator.m */,
				5DD50E0E1A6BB3150012B2A1 /* CHOMPTrampoline.h */,
				5DD50E0F1A6BB3150012B2A1 /* CHOMPTrampoline.m */,
				5DD50E101A6BB3150012B2A1 /* Documentation.html */,
				5DD50E111A6BB3150012B2A1 /* English.lproj */,
				5DD50E141A6BB3150012B2A1 /* HACKING */,
				5DD50E151A6BB3150012B2A1 /* Info.plist */,
				5DD50E161A6BB3150012B2A1 /* LICENSE */,
				5DD50E171A6BB3150012B2A1 /* main.c */,
				5DD50E181A6BB3150012B2A1 /* NSCollections+CHOMPIteration.h */,
				5DD50E191A6BB3150012B2A1 /* NSCollections+CHOMPIteration.m */,
				5DD50E1A1A6BB3150012B2A1 /* NSObject+CHOMPHOM.h */,
				5DD50E1B1A6BB3150012B2A1 /* NSObject+CHOMPHOM.m */,
				5DD50E1C1A6BB3150012B2A1 /* NSObject+CHOMPIteration.h */,
				5DD50E1D1A6BB3150012B2A1 /* NSObject+CHOMPIteration.m */,
				5DD50E1F1A6BB3150012B2A1 /* TestApp.m */,
				5DD50E201A6BB3150012B2A1 /* version.plist */,
				5DD50DAA1A6BA7C50012B2A1 /* Supporting Files */,
			);
			path = Chomp;
			sourceTree = "<group>";
		};
		5DD50DAA1A6BA7C50012B2A1 /* Supporting Files */ = {
			isa = PBXGroup;
			children = (
				5DD50DAB1A6BA7C50012B2A1 /* Info.plist */,
			);
			name = "Supporting Files";
			sourceTree = "<group>";
		};
		5DD50DB61A6BA7C50012B2A1 /* ChompTests */ = {
			isa = PBXGroup;
			children = (
				5DD50DB91A6BA7C50012B2A1 /* ChompTests.m */,
				5DD50DB71A6BA7C50012B2A1 /* Supporting Files */,
			);
			path = ChompTests;
			sourceTree = "<group>";
		};
		5DD50DB71A6BA7C50012B2A1 /* Supporting Files */ = {
			isa = PBXGroup;
			children = (
				5DD50DB81A6BA7C50012B2A1 /* Info.plist */,
			);
			name = "Supporting Files";
			sourceTree = "<group>";
		};
		5DD50E111A6BB3150012B2A1 /* English.lproj */ = {
			isa = PBXGroup;
			children = (
				5DD50E121A6BB3150012B2A1 /* InfoPlist.strings */,
			);
			path = English.lproj;
			sourceTree = "<group>";
		};
/* End PBXGroup section */

/* Begin PBXHeadersBuildPhase section */
		5D40D8961A6CAC6F00252285 /* Headers */ = {
			isa = PBXHeadersBuildPhase;
			buildActionMask = 2147483647;
			files = (
				5D40D89E1A6CAC6F00252285 /* ChompIOS.h in Headers */,
				5D40D8B21A6CAC8700252285 /* Chomp.h in Headers */,
				5D40D8B41A6CAC9F00252285 /* NSObject+CHOMPHOM.h in Headers */,
				5D40D8B31A6CAC9900252285 /* NSObject+CHOMPIteration.h in Headers */,
				5D40D8B51A6CACAD00252285 /* NSCollections+CHOMPIteration.h in Headers */,
			);
			runOnlyForDeploymentPostprocessing = 0;
		};
		5DD50DA41A6BA7C50012B2A1 /* Headers */ = {
			isa = PBXHeadersBuildPhase;
			buildActionMask = 2147483647;
			files = (
				5DD50E231A6BB3150012B2A1 /* Chomp.h in Headers */,
				5DD50E2C1A6BB3150012B2A1 /* CHOMPTrampoline.h in Headers */,
				5DD50E381A6BB3150012B2A1 /* NSObject+CHOMPIteration.h in Headers */,
				5DD50E361A6BB3150012B2A1 /* NSObject+CHOMPHOM.h in Headers */,
				5DD50E341A6BB3150012B2A1 /* NSCollections+CHOMPIteration.h in Headers */,
				5DD50E241A6BB3150012B2A1 /* CHOMPEnumeratorCollectTrampoline.h in Headers */,
				5DD50E281A6BB3150012B2A1 /* CHOMPSimpleTrampoline.h in Headers */,
				5DD50E221A6BB3150012B2A1 /* Chomp_Prefix.pch in Headers */,
				5DD50E2A1A6BB3150012B2A1 /* CHOMPSingleObjectEnumerator.h in Headers */,
				5DD50E261A6BB3150012B2A1 /* CHOMPEnumeratorTrampoline.h in Headers */,
			);
			runOnlyForDeploymentPostprocessing = 0;
		};
/* End PBXHeadersBuildPhase section */

/* Begin PBXNativeTarget section */
		5D40D8981A6CAC6F00252285 /* ChompIOS */ = {
			isa = PBXNativeTarget;
			buildConfigurationList = 5D40D8AC1A6CAC6F00252285 /* Build configuration list for PBXNativeTarget "ChompIOS" */;
			buildPhases = (
				5D40D8941A6CAC6F00252285 /* Sources */,
				5D40D8951A6CAC6F00252285 /* Frameworks */,
				5D40D8961A6CAC6F00252285 /* Headers */,
				5D40D8971A6CAC6F00252285 /* Resources */,
			);
			buildRules = (
			);
			dependencies = (
			);
			name = ChompIOS;
			productName = ChompIOS;
			productReference = 5D40D8991A6CAC6F00252285 /* ChompIOS.framework */;
			productType = "com.apple.product-type.framework";
		};
		5DD50DA61A6BA7C50012B2A1 /* Chomp */ = {
			isa = PBXNativeTarget;
			buildConfigurationList = 5DD50DBD1A6BA7C50012B2A1 /* Build configuration list for PBXNativeTarget "Chomp" */;
			buildPhases = (
				5DD50DA21A6BA7C50012B2A1 /* Sources */,
				5DD50DA31A6BA7C50012B2A1 /* Frameworks */,
				5DD50DA41A6BA7C50012B2A1 /* Headers */,
				5DD50DA51A6BA7C50012B2A1 /* Resources */,
			);
			buildRules = (
			);
			dependencies = (
			);
			name = Chomp;
			productName = Chomp;
			productReference = 5DD50DA71A6BA7C50012B2A1 /* Chomp.framework */;
			productType = "com.apple.product-type.framework";
		};
		5DD50DB11A6BA7C50012B2A1 /* ChompTests */ = {
			isa = PBXNativeTarget;
			buildConfigurationList = 5DD50DC01A6BA7C50012B2A1 /* Build configuration list for PBXNativeTarget "ChompTests" */;
			buildPhases = (
				5DD50DAE1A6BA7C50012B2A1 /* Sources */,
				5DD50DAF1A6BA7C50012B2A1 /* Frameworks */,
				5DD50DB01A6BA7C50012B2A1 /* Resources */,
			);
			buildRules = (
			);
			dependencies = (
				5DD50DB51A6BA7C50012B2A1 /* PBXTargetDependency */,
			);
			name = ChompTests;
			productName = ChompTests;
			productReference = 5DD50DB21A6BA7C50012B2A1 /* ChompTests.xctest */;
			productType = "com.apple.product-type.bundle.unit-test";
		};
/* End PBXNativeTarget section */

/* Begin PBXProject section */
		5DD50D9E1A6BA7C50012B2A1 /* Project object */ = {
			isa = PBXProject;
			attributes = {
				LastUpgradeCheck = 0610;
				ORGANIZATIONNAME = "Mike Ash";
				TargetAttributes = {
					5D40D8981A6CAC6F00252285 = {
						CreatedOnToolsVersion = 6.1.1;
					};
					5DD50DA61A6BA7C50012B2A1 = {
						CreatedOnToolsVersion = 6.1.1;
					};
					5DD50DB11A6BA7C50012B2A1 = {
						CreatedOnToolsVersion = 6.1.1;
					};
				};
			};
			buildConfigurationList = 5DD50DA11A6BA7C50012B2A1 /* Build configuration list for PBXProject "Chomp" */;
			compatibilityVersion = "Xcode 3.2";
			developmentRegion = English;
			hasScannedForEncodings = 0;
			knownRegions = (
				en,
				English,
			);
			mainGroup = 5DD50D9D1A6BA7C50012B2A1;
			productRefGroup = 5DD50DA81A6BA7C50012B2A1 /* Products */;
			projectDirPath = "";
			projectRoot = "";
			targets = (
				5DD50DA61A6BA7C50012B2A1 /* Chomp */,
				5DD50DB11A6BA7C50012B2A1 /* ChompTests */,
				5D40D8981A6CAC6F00252285 /* ChompIOS */,
			);
		};
/* End PBXProject section */

/* Begin PBXResourcesBuildPhase section */
		5D40D8971A6CAC6F00252285 /* Resources */ = {
			isa = PBXResourcesBuildPhase;
			buildActionMask = 2147483647;
			files = (
			);
			runOnlyForDeploymentPostprocessing = 0;
		};
		5DD50DA51A6BA7C50012B2A1 /* Resources */ = {
			isa = PBXResourcesBuildPhase;
			buildActionMask = 2147483647;
			files = (
				5DD50E321A6BB3150012B2A1 /* LICENSE in Resources */,
				5DD50E301A6BB3150012B2A1 /* HACKING in Resources */,
				5DD50E211A6BB3150012B2A1 /* Chomp Test-Info.plist in Resources */,
				5DD50E2F1A6BB3150012B2A1 /* InfoPlist.strings in Resources */,
				5DD50E311A6BB3150012B2A1 /* Info.plist in Resources */,
				5DD50E3C1A6BB3150012B2A1 /* version.plist in Resources */,
				5DD50E2E1A6BB3150012B2A1 /* Documentation.html in Resources */,
			);
			runOnlyForDeploymentPostprocessing = 0;
		};
		5DD50DB01A6BA7C50012B2A1 /* Resources */ = {
			isa = PBXResourcesBuildPhase;
			buildActionMask = 2147483647;
			files = (
			);
			runOnlyForDeploymentPostprocessing = 0;
		};
/* End PBXResourcesBuildPhase section */

/* Begin PBXSourcesBuildPhase section */
		5D40D8941A6CAC6F00252285 /* Sources */ = {
			isa = PBXSourcesBuildPhase;
			buildActionMask = 2147483647;
			files = (
				5D40D8B61A6CACB900252285 /* CHOMPEnumeratorCollectTrampoline.m in Sources */,
				5D40D8B71A6CACBB00252285 /* CHOMPEnumeratorTrampoline.m in Sources */,
				5D40D8BC1A6CACC700252285 /* NSObject+CHOMPHOM.m in Sources */,
				5D40D8BA1A6CACC200252285 /* CHOMPTrampoline.m in Sources */,
				5D40D8B81A6CACBC00252285 /* CHOMPSimpleTrampoline.m in Sources */,
				5D40D8BB1A6CACC500252285 /* NSCollections+CHOMPIteration.m in Sources */,
				5D40D8BD1A6CACC900252285 /* NSObject+CHOMPIteration.m in Sources */,
				5D40D8B91A6CACBE00252285 /* CHOMPSingleObjectEnumerator.m in Sources */,
			);
			runOnlyForDeploymentPostprocessing = 0;
		};
		5DD50DA21A6BA7C50012B2A1 /* Sources */ = {
			isa = PBXSourcesBuildPhase;
			buildActionMask = 2147483647;
			files = (
				5DD50E391A6BB3150012B2A1 /* NSObject+CHOMPIteration.m in Sources */,
				5DD50E3B1A6BB3150012B2A1 /* TestApp.m in Sources */,
				5DD50E291A6BB3150012B2A1 /* CHOMPSimpleTrampoline.m in Sources */,
				5DD50E271A6BB3150012B2A1 /* CHOMPEnumeratorTrampoline.m in Sources */,
				5DD50E331A6BB3150012B2A1 /* main.c in Sources */,
				5DD50E2D1A6BB3150012B2A1 /* CHOMPTrampoline.m in Sources */,
				5DD50E371A6BB3150012B2A1 /* NSObject+CHOMPHOM.m in Sources */,
				5DD50E2B1A6BB3150012B2A1 /* CHOMPSingleObjectEnumerator.m in Sources */,
				5DD50E251A6BB3150012B2A1 /* CHOMPEnumeratorCollectTrampoline.m in Sources */,
				5DD50E351A6BB3150012B2A1 /* NSCollections+CHOMPIteration.m in Sources */,
			);
			runOnlyForDeploymentPostprocessing = 0;
		};
		5DD50DAE1A6BA7C50012B2A1 /* Sources */ = {
			isa = PBXSourcesBuildPhase;
			buildActionMask = 2147483647;
			files = (
				5DD50DBA1A6BA7C50012B2A1 /* ChompTests.m in Sources */,
			);
			runOnlyForDeploymentPostprocessing = 0;
		};
/* End PBXSourcesBuildPhase section */

/* Begin PBXTargetDependency section */
		5DD50DB51A6BA7C50012B2A1 /* PBXTargetDependency */ = {
			isa = PBXTargetDependency;
			target = 5DD50DA61A6BA7C50012B2A1 /* Chomp */;
			targetProxy = 5DD50DB41A6BA7C50012B2A1 /* PBXContainerItemProxy */;
		};
/* End PBXTargetDependency section */

/* Begin PBXVariantGroup section */
		5DD50E121A6BB3150012B2A1 /* InfoPlist.strings */ = {
			isa = PBXVariantGroup;
			children = (
				5DD50E131A6BB3150012B2A1 /* English */,
			);
			name = InfoPlist.strings;
			sourceTree = "<group>";
		};
/* End PBXVariantGroup section */

/* Begin XCBuildConfiguration section */
		5D40D8AD1A6CAC6F00252285 /* Debug */ = {
			isa = XCBuildConfiguration;
			buildSettings = {
				CLANG_ENABLE_OBJC_ARC = NO;
				"CODE_SIGN_IDENTITY[sdk=iphoneos*]" = "iPhone Developer";
				DEFINES_MODULE = YES;
				DYLIB_COMPATIBILITY_VERSION = 1;
				DYLIB_CURRENT_VERSION = 1;
				DYLIB_INSTALL_NAME_BASE = "@rpath";
				GCC_PREPROCESSOR_DEFINITIONS = (
					"DEBUG=1",
					"$(inherited)",
				);
				INFOPLIST_FILE = ChompIOS/Info.plist;
				INSTALL_PATH = "$(LOCAL_LIBRARY_DIR)/Frameworks";
				IPHONEOS_DEPLOYMENT_TARGET = 6.0;
				LD_RUNPATH_SEARCH_PATHS = "$(inherited) @executable_path/Frameworks @loader_path/Frameworks";
				PRODUCT_NAME = "$(TARGET_NAME)";
				SDKROOT = iphoneos;
				SKIP_INSTALL = YES;
				TARGETED_DEVICE_FAMILY = "1,2";
			};
			name = Debug;
		};
		5D40D8AE1A6CAC6F00252285 /* Release */ = {
			isa = XCBuildConfiguration;
			buildSettings = {
				CLANG_ENABLE_OBJC_ARC = NO;
				"CODE_SIGN_IDENTITY[sdk=iphoneos*]" = "iPhone Developer";
				DEFINES_MODULE = YES;
				DYLIB_COMPATIBILITY_VERSION = 1;
				DYLIB_CURRENT_VERSION = 1;
				DYLIB_INSTALL_NAME_BASE = "@rpath";
				INFOPLIST_FILE = ChompIOS/Info.plist;
				INSTALL_PATH = "$(LOCAL_LIBRARY_DIR)/Frameworks";
				IPHONEOS_DEPLOYMENT_TARGET = 6.0;
				LD_RUNPATH_SEARCH_PATHS = "$(inherited) @executable_path/Frameworks @loader_path/Frameworks";
				PRODUCT_NAME = "$(TARGET_NAME)";
				SDKROOT = iphoneos;
				SKIP_INSTALL = YES;
				TARGETED_DEVICE_FAMILY = "1,2";
				VALIDATE_PRODUCT = YES;
			};
			name = Release;
		};
		5DD50DBB1A6BA7C50012B2A1 /* Debug */ = {
			isa = XCBuildConfiguration;
			buildSettings = {
				ALWAYS_SEARCH_USER_PATHS = NO;
				CLANG_CXX_LANGUAGE_STANDARD = "gnu++0x";
				CLANG_CXX_LIBRARY = "libc++";
				CLANG_ENABLE_MODULES = YES;
				CLANG_ENABLE_OBJC_ARC = YES;
				CLANG_WARN_BOOL_CONVERSION = YES;
				CLANG_WARN_CONSTANT_CONVERSION = YES;
				CLANG_WARN_DIRECT_OBJC_ISA_USAGE = YES_ERROR;
				CLANG_WARN_EMPTY_BODY = YES;
				CLANG_WARN_ENUM_CONVERSION = YES;
				CLANG_WARN_INT_CONVERSION = YES;
				CLANG_WARN_OBJC_ROOT_CLASS = YES_ERROR;
				CLANG_WARN_UNREACHABLE_CODE = YES;
				CLANG_WARN__DUPLICATE_METHOD_MATCH = YES;
				COPY_PHASE_STRIP = NO;
				CURRENT_PROJECT_VERSION = 1;
				ENABLE_STRICT_OBJC_MSGSEND = YES;
				GCC_C_LANGUAGE_STANDARD = gnu99;
				GCC_DYNAMIC_NO_PIC = NO;
				GCC_OPTIMIZATION_LEVEL = 0;
				GCC_PREPROCESSOR_DEFINITIONS = (
					"DEBUG=1",
					"$(inherited)",
				);
				GCC_SYMBOLS_PRIVATE_EXTERN = NO;
				GCC_WARN_64_TO_32_BIT_CONVERSION = YES;
				GCC_WARN_ABOUT_RETURN_TYPE = YES_ERROR;
				GCC_WARN_UNDECLARED_SELECTOR = YES;
				GCC_WARN_UNINITIALIZED_AUTOS = YES_AGGRESSIVE;
				GCC_WARN_UNUSED_FUNCTION = YES;
				GCC_WARN_UNUSED_VARIABLE = YES;
				MACOSX_DEPLOYMENT_TARGET = 10.10;
				MTL_ENABLE_DEBUG_INFO = YES;
				ONLY_ACTIVE_ARCH = YES;
				SDKROOT = macosx;
				VERSIONING_SYSTEM = "apple-generic";
				VERSION_INFO_PREFIX = "";
			};
			name = Debug;
		};
		5DD50DBC1A6BA7C50012B2A1 /* Release */ = {
			isa = XCBuildConfiguration;
			buildSettings = {
				ALWAYS_SEARCH_USER_PATHS = NO;
				CLANG_CXX_LANGUAGE_STANDARD = "gnu++0x";
				CLANG_CXX_LIBRARY = "libc++";
				CLANG_ENABLE_MODULES = YES;
				CLANG_ENABLE_OBJC_ARC = YES;
				CLANG_WARN_BOOL_CONVERSION = YES;
				CLANG_WARN_CONSTANT_CONVERSION = YES;
				CLANG_WARN_DIRECT_OBJC_ISA_USAGE = YES_ERROR;
				CLANG_WARN_EMPTY_BODY = YES;
				CLANG_WARN_ENUM_CONVERSION = YES;
				CLANG_WARN_INT_CONVERSION = YES;
				CLANG_WARN_OBJC_ROOT_CLASS = YES_ERROR;
				CLANG_WARN_UNREACHABLE_CODE = YES;
				CLANG_WARN__DUPLICATE_METHOD_MATCH = YES;
				COPY_PHASE_STRIP = YES;
				CURRENT_PROJECT_VERSION = 1;
				DEBUG_INFORMATION_FORMAT = "dwarf-with-dsym";
				ENABLE_NS_ASSERTIONS = NO;
				ENABLE_STRICT_OBJC_MSGSEND = YES;
				GCC_C_LANGUAGE_STANDARD = gnu99;
				GCC_WARN_64_TO_32_BIT_CONVERSION = YES;
				GCC_WARN_ABOUT_RETURN_TYPE = YES_ERROR;
				GCC_WARN_UNDECLARED_SELECTOR = YES;
				GCC_WARN_UNINITIALIZED_AUTOS = YES_AGGRESSIVE;
				GCC_WARN_UNUSED_FUNCTION = YES;
				GCC_WARN_UNUSED_VARIABLE = YES;
				MACOSX_DEPLOYMENT_TARGET = 10.10;
				MTL_ENABLE_DEBUG_INFO = NO;
				SDKROOT = macosx;
				VERSIONING_SYSTEM = "apple-generic";
				VERSION_INFO_PREFIX = "";
			};
			name = Release;
		};
		5DD50DBE1A6BA7C50012B2A1 /* Debug */ = {
			isa = XCBuildConfiguration;
			buildSettings = {
				COMBINE_HIDPI_IMAGES = YES;
				DEFINES_MODULE = YES;
				DYLIB_COMPATIBILITY_VERSION = 1;
				DYLIB_CURRENT_VERSION = 1;
				DYLIB_INSTALL_NAME_BASE = "@rpath";
				FRAMEWORK_VERSION = A;
				INFOPLIST_FILE = Chomp/Info.plist;
				INSTALL_PATH = "$(LOCAL_LIBRARY_DIR)/Frameworks";
				LD_RUNPATH_SEARCH_PATHS = "$(inherited) @executable_path/../Frameworks @loader_path/Frameworks";
				PRODUCT_NAME = "$(TARGET_NAME)";
				SKIP_INSTALL = YES;
			};
			name = Debug;
		};
		5DD50DBF1A6BA7C50012B2A1 /* Release */ = {
			isa = XCBuildConfiguration;
			buildSettings = {
				COMBINE_HIDPI_IMAGES = YES;
				DEFINES_MODULE = YES;
				DYLIB_COMPATIBILITY_VERSION = 1;
				DYLIB_CURRENT_VERSION = 1;
				DYLIB_INSTALL_NAME_BASE = "@rpath";
				FRAMEWORK_VERSION = A;
				INFOPLIST_FILE = Chomp/Info.plist;
				INSTALL_PATH = "$(LOCAL_LIBRARY_DIR)/Frameworks";
				LD_RUNPATH_SEARCH_PATHS = "$(inherited) @executable_path/../Frameworks @loader_path/Frameworks";
				PRODUCT_NAME = "$(TARGET_NAME)";
				SKIP_INSTALL = YES;
			};
			name = Release;
		};
		5DD50DC11A6BA7C50012B2A1 /* Debug */ = {
			isa = XCBuildConfiguration;
			buildSettings = {
				COMBINE_HIDPI_IMAGES = YES;
				FRAMEWORK_SEARCH_PATHS = (
					"$(DEVELOPER_FRAMEWORKS_DIR)",
					"$(inherited)",
				);
				GCC_PREPROCESSOR_DEFINITIONS = (
					"DEBUG=1",
					"$(inherited)",
				);
				INFOPLIST_FILE = ChompTests/Info.plist;
				LD_RUNPATH_SEARCH_PATHS = "$(inherited) @executable_path/../Frameworks @loader_path/../Frameworks";
				PRODUCT_NAME = "$(TARGET_NAME)";
			};
			name = Debug;
		};
		5DD50DC21A6BA7C50012B2A1 /* Release */ = {
			isa = XCBuildConfiguration;
			buildSettings = {
				COMBINE_HIDPI_IMAGES = YES;
				FRAMEWORK_SEARCH_PATHS = (
					"$(DEVELOPER_FRAMEWORKS_DIR)",
					"$(inherited)",
				);
				INFOPLIST_FILE = ChompTests/Info.plist;
				LD_RUNPATH_SEARCH_PATHS = "$(inherited) @executable_path/../Frameworks @loader_path/../Frameworks";
				PRODUCT_NAME = "$(TARGET_NAME)";
			};
			name = Release;
		};
/* End XCBuildConfiguration section */

/* Begin XCConfigurationList section */
		5D40D8AC1A6CAC6F00252285 /* Build configuration list for PBXNativeTarget "ChompIOS" */ = {
			isa = XCConfigurationList;
			buildConfigurations = (
				5D40D8AD1A6CAC6F00252285 /* Debug */,
				5D40D8AE1A6CAC6F00252285 /* Release */,
			);
			defaultConfigurationIsVisible = 0;
			defaultConfigurationName = Release;
		};
		5DD50DA11A6BA7C50012B2A1 /* Build configuration list for PBXProject "Chomp" */ = {
			isa = XCConfigurationList;
			buildConfigurations = (
				5DD50DBB1A6BA7C50012B2A1 /* Debug */,
				5DD50DBC1A6BA7C50012B2A1 /* Release */,
			);
			defaultConfigurationIsVisible = 0;
			defaultConfigurationName = Release;
		};
		5DD50DBD1A6BA7C50012B2A1 /* Build configuration list for PBXNativeTarget "Chomp" */ = {
			isa = XCConfigurationList;
			buildConfigurations = (
				5DD50DBE1A6BA7C50012B2A1 /* Debug */,
				5DD50DBF1A6BA7C50012B2A1 /* Release */,
			);
			defaultConfigurationIsVisible = 0;
			defaultConfigurationName = Release;
		};
		5DD50DC01A6BA7C50012B2A1 /* Build configuration list for PBXNativeTarget "ChompTests" */ = {
			isa = XCConfigurationList;
			buildConfigurations = (
				5DD50DC11A6BA7C50012B2A1 /* Debug */,
				5DD50DC21A6BA7C50012B2A1 /* Release */,
			);
			defaultConfigurationIsVisible = 0;
			defaultConfigurationName = Release;
		};
/* End XCConfigurationList section */
	};
	rootObject = 5DD50D9E1A6BA7C50012B2A1 /* Project object */;
}
